// !$*UTF8*$!
{
	archiveVersion = 1;
	classes = {
	};
	objectVersion = 55;
	objects = {

/* Begin PBXBuildFile section */
		562C110B28A4D26600863C45 /* AppDelegate.swift in Sources */ = {isa = PBXBuildFile; fileRef = 562C110A28A4D26600863C45 /* AppDelegate.swift */; };
		562C110D28A4D26600863C45 /* SceneDelegate.swift in Sources */ = {isa = PBXBuildFile; fileRef = 562C110C28A4D26600863C45 /* SceneDelegate.swift */; };
		562C111528A4D26600863C45 /* Labor.xcdatamodeld in Sources */ = {isa = PBXBuildFile; fileRef = 562C111328A4D26600863C45 /* Labor.xcdatamodeld */; };
		562C111728A4D26700863C45 /* Assets.xcassets in Resources */ = {isa = PBXBuildFile; fileRef = 562C111628A4D26700863C45 /* Assets.xcassets */; };
		562C111A28A4D26700863C45 /* LaunchScreen.storyboard in Resources */ = {isa = PBXBuildFile; fileRef = 562C111828A4D26700863C45 /* LaunchScreen.storyboard */; };
		562C112828A4D53E00863C45 /* Roboto-Medium.ttf in Resources */ = {isa = PBXBuildFile; fileRef = 562C112428A4D53E00863C45 /* Roboto-Medium.ttf */; };
		562C112928A4D53E00863C45 /* Roboto-Light.ttf in Resources */ = {isa = PBXBuildFile; fileRef = 562C112528A4D53E00863C45 /* Roboto-Light.ttf */; };
		562C112A28A4D53E00863C45 /* Roboto-Bold.ttf in Resources */ = {isa = PBXBuildFile; fileRef = 562C112628A4D53E00863C45 /* Roboto-Bold.ttf */; };
		562C112B28A4D53E00863C45 /* Roboto-Regular.ttf in Resources */ = {isa = PBXBuildFile; fileRef = 562C112728A4D53E00863C45 /* Roboto-Regular.ttf */; };
		562C112F28A4DF7B00863C45 /* AppCoordinatot.swift in Sources */ = {isa = PBXBuildFile; fileRef = 562C112E28A4DF7B00863C45 /* AppCoordinatot.swift */; };
		562C113128A4DF9800863C45 /* BaseCoordinator.swift in Sources */ = {isa = PBXBuildFile; fileRef = 562C113028A4DF9800863C45 /* BaseCoordinator.swift */; };
		562C113628A4E02F00863C45 /* ButtonBuilder.swift in Sources */ = {isa = PBXBuildFile; fileRef = 562C113528A4E02F00863C45 /* ButtonBuilder.swift */; };
		562C113828A4E06800863C45 /* ImageBuilder.swift in Sources */ = {isa = PBXBuildFile; fileRef = 562C113728A4E06800863C45 /* ImageBuilder.swift */; };
		562C113A28A4E0CE00863C45 /* LabelBuilder.swift in Sources */ = {isa = PBXBuildFile; fileRef = 562C113928A4E0CE00863C45 /* LabelBuilder.swift */; };
		562C113C28A4E0EE00863C45 /* ViewBuilder.swift in Sources */ = {isa = PBXBuildFile; fileRef = 562C113B28A4E0EE00863C45 /* ViewBuilder.swift */; };
		562C113E28A4E11000863C45 /* TextFieldBuilder.swift in Sources */ = {isa = PBXBuildFile; fileRef = 562C113D28A4E11000863C45 /* TextFieldBuilder.swift */; };
		562C114028A4E13300863C45 /* TextViewBuilder.swift in Sources */ = {isa = PBXBuildFile; fileRef = 562C113F28A4E13300863C45 /* TextViewBuilder.swift */; };
		562C114528A4E1D600863C45 /* LoadingViewController.swift in Sources */ = {isa = PBXBuildFile; fileRef = 562C114428A4E1D600863C45 /* LoadingViewController.swift */; };
		562C114728A4E1FF00863C45 /* LoadingView.swift in Sources */ = {isa = PBXBuildFile; fileRef = 562C114628A4E1FF00863C45 /* LoadingView.swift */; };
		562C114928A4E21F00863C45 /* MainSpinner.swift in Sources */ = {isa = PBXBuildFile; fileRef = 562C114828A4E21F00863C45 /* MainSpinner.swift */; };
		562C114B28A4E25D00863C45 /* UIFont.swift in Sources */ = {isa = PBXBuildFile; fileRef = 562C114A28A4E25D00863C45 /* UIFont.swift */; };
		562C114D28A4E28900863C45 /* Data.swift in Sources */ = {isa = PBXBuildFile; fileRef = 562C114C28A4E28900863C45 /* Data.swift */; };
		562C114F28A4E2A600863C45 /* String.swift in Sources */ = {isa = PBXBuildFile; fileRef = 562C114E28A4E2A600863C45 /* String.swift */; };
		562C115128A4E2C600863C45 /* UIView.swift in Sources */ = {isa = PBXBuildFile; fileRef = 562C115028A4E2C600863C45 /* UIView.swift */; };
		562C115328A4E2E500863C45 /* CGRect.swift in Sources */ = {isa = PBXBuildFile; fileRef = 562C115228A4E2E500863C45 /* CGRect.swift */; };
		562C115528A4E30300863C45 /* UITextView.swift in Sources */ = {isa = PBXBuildFile; fileRef = 562C115428A4E30300863C45 /* UITextView.swift */; };
		562C115728A4E33800863C45 /* LoadingButton.swift in Sources */ = {isa = PBXBuildFile; fileRef = 562C115628A4E33800863C45 /* LoadingButton.swift */; };
		562C115928A4E36900863C45 /* SpinerLayer.swift in Sources */ = {isa = PBXBuildFile; fileRef = 562C115828A4E36900863C45 /* SpinerLayer.swift */; };
		562C115B28A4E37F00863C45 /* HapticGenerator.swift in Sources */ = {isa = PBXBuildFile; fileRef = 562C115A28A4E37F00863C45 /* HapticGenerator.swift */; };
		562C115D28A4E3A700863C45 /* PaddingTextField.swift in Sources */ = {isa = PBXBuildFile; fileRef = 562C115C28A4E3A700863C45 /* PaddingTextField.swift */; };
		562C116028A4E40A00863C45 /* AppTheme.swift in Sources */ = {isa = PBXBuildFile; fileRef = 562C115F28A4E40A00863C45 /* AppTheme.swift */; };
		562C116228A4E44000863C45 /* Utility.swift in Sources */ = {isa = PBXBuildFile; fileRef = 562C116128A4E44000863C45 /* Utility.swift */; };
		562C116528A4FD2100863C45 /* RegisterCoordinator.swift in Sources */ = {isa = PBXBuildFile; fileRef = 562C116428A4FD2100863C45 /* RegisterCoordinator.swift */; };
		562C116728A4FDB500863C45 /* RegisterViewModel.swift in Sources */ = {isa = PBXBuildFile; fileRef = 562C116628A4FDB500863C45 /* RegisterViewModel.swift */; };
		562C116928A4FDC800863C45 /* RegisterViewController.swift in Sources */ = {isa = PBXBuildFile; fileRef = 562C116828A4FDC800863C45 /* RegisterViewController.swift */; };
		562C116B28A4FDF400863C45 /* RegisterView.swift in Sources */ = {isa = PBXBuildFile; fileRef = 562C116A28A4FDF400863C45 /* RegisterView.swift */; };
/* End PBXBuildFile section */

/* Begin PBXFileReference section */
		562C110728A4D26600863C45 /* Labor.app */ = {isa = PBXFileReference; explicitFileType = wrapper.application; includeInIndex = 0; path = Labor.app; sourceTree = BUILT_PRODUCTS_DIR; };
		562C110A28A4D26600863C45 /* AppDelegate.swift */ = {isa = PBXFileReference; lastKnownFileType = sourcecode.swift; path = AppDelegate.swift; sourceTree = "<group>"; };
		562C110C28A4D26600863C45 /* SceneDelegate.swift */ = {isa = PBXFileReference; lastKnownFileType = sourcecode.swift; path = SceneDelegate.swift; sourceTree = "<group>"; };
		562C111428A4D26600863C45 /* Labor.xcdatamodel */ = {isa = PBXFileReference; lastKnownFileType = wrapper.xcdatamodel; path = Labor.xcdatamodel; sourceTree = "<group>"; };
		562C111628A4D26700863C45 /* Assets.xcassets */ = {isa = PBXFileReference; lastKnownFileType = folder.assetcatalog; path = Assets.xcassets; sourceTree = "<group>"; };
		562C111928A4D26700863C45 /* Base */ = {isa = PBXFileReference; lastKnownFileType = file.storyboard; name = Base; path = Base.lproj/LaunchScreen.storyboard; sourceTree = "<group>"; };
		562C111B28A4D26700863C45 /* Info.plist */ = {isa = PBXFileReference; lastKnownFileType = text.plist.xml; path = Info.plist; sourceTree = "<group>"; };
		562C112428A4D53E00863C45 /* Roboto-Medium.ttf */ = {isa = PBXFileReference; lastKnownFileType = file; path = "Roboto-Medium.ttf"; sourceTree = "<group>"; };
		562C112528A4D53E00863C45 /* Roboto-Light.ttf */ = {isa = PBXFileReference; lastKnownFileType = file; path = "Roboto-Light.ttf"; sourceTree = "<group>"; };
		562C112628A4D53E00863C45 /* Roboto-Bold.ttf */ = {isa = PBXFileReference; lastKnownFileType = file; path = "Roboto-Bold.ttf"; sourceTree = "<group>"; };
		562C112728A4D53E00863C45 /* Roboto-Regular.ttf */ = {isa = PBXFileReference; lastKnownFileType = file; path = "Roboto-Regular.ttf"; sourceTree = "<group>"; };
		562C112E28A4DF7B00863C45 /* AppCoordinatot.swift */ = {isa = PBXFileReference; lastKnownFileType = sourcecode.swift; path = AppCoordinatot.swift; sourceTree = "<group>"; };
		562C113028A4DF9800863C45 /* BaseCoordinator.swift */ = {isa = PBXFileReference; lastKnownFileType = sourcecode.swift; path = BaseCoordinator.swift; sourceTree = "<group>"; };
		562C113528A4E02F00863C45 /* ButtonBuilder.swift */ = {isa = PBXFileReference; lastKnownFileType = sourcecode.swift; path = ButtonBuilder.swift; sourceTree = "<group>"; };
		562C113728A4E06800863C45 /* ImageBuilder.swift */ = {isa = PBXFileReference; lastKnownFileType = sourcecode.swift; path = ImageBuilder.swift; sourceTree = "<group>"; };
		562C113928A4E0CE00863C45 /* LabelBuilder.swift */ = {isa = PBXFileReference; lastKnownFileType = sourcecode.swift; path = LabelBuilder.swift; sourceTree = "<group>"; };
		562C113B28A4E0EE00863C45 /* ViewBuilder.swift */ = {isa = PBXFileReference; lastKnownFileType = sourcecode.swift; path = ViewBuilder.swift; sourceTree = "<group>"; };
		562C113D28A4E11000863C45 /* TextFieldBuilder.swift */ = {isa = PBXFileReference; lastKnownFileType = sourcecode.swift; path = TextFieldBuilder.swift; sourceTree = "<group>"; };
		562C113F28A4E13300863C45 /* TextViewBuilder.swift */ = {isa = PBXFileReference; lastKnownFileType = sourcecode.swift; path = TextViewBuilder.swift; sourceTree = "<group>"; };
		562C114428A4E1D600863C45 /* LoadingViewController.swift */ = {isa = PBXFileReference; lastKnownFileType = sourcecode.swift; path = LoadingViewController.swift; sourceTree = "<group>"; };
		562C114628A4E1FF00863C45 /* LoadingView.swift */ = {isa = PBXFileReference; lastKnownFileType = sourcecode.swift; path = LoadingView.swift; sourceTree = "<group>"; };
		562C114828A4E21F00863C45 /* MainSpinner.swift */ = {isa = PBXFileReference; lastKnownFileType = sourcecode.swift; path = MainSpinner.swift; sourceTree = "<group>"; };
		562C114A28A4E25D00863C45 /* UIFont.swift */ = {isa = PBXFileReference; lastKnownFileType = sourcecode.swift; path = UIFont.swift; sourceTree = "<group>"; };
		562C114C28A4E28900863C45 /* Data.swift */ = {isa = PBXFileReference; lastKnownFileType = sourcecode.swift; path = Data.swift; sourceTree = "<group>"; };
		562C114E28A4E2A600863C45 /* String.swift */ = {isa = PBXFileReference; lastKnownFileType = sourcecode.swift; path = String.swift; sourceTree = "<group>"; };
		562C115028A4E2C600863C45 /* UIView.swift */ = {isa = PBXFileReference; lastKnownFileType = sourcecode.swift; path = UIView.swift; sourceTree = "<group>"; };
		562C115228A4E2E500863C45 /* CGRect.swift */ = {isa = PBXFileReference; lastKnownFileType = sourcecode.swift; path = CGRect.swift; sourceTree = "<group>"; };
		562C115428A4E30300863C45 /* UITextView.swift */ = {isa = PBXFileReference; lastKnownFileType = sourcecode.swift; path = UITextView.swift; sourceTree = "<group>"; };
		562C115628A4E33800863C45 /* LoadingButton.swift */ = {isa = PBXFileReference; lastKnownFileType = sourcecode.swift; path = LoadingButton.swift; sourceTree = "<group>"; };
		562C115828A4E36900863C45 /* SpinerLayer.swift */ = {isa = PBXFileReference; lastKnownFileType = sourcecode.swift; path = SpinerLayer.swift; sourceTree = "<group>"; };
		562C115A28A4E37F00863C45 /* HapticGenerator.swift */ = {isa = PBXFileReference; lastKnownFileType = sourcecode.swift; path = HapticGenerator.swift; sourceTree = "<group>"; };
		562C115C28A4E3A700863C45 /* PaddingTextField.swift */ = {isa = PBXFileReference; lastKnownFileType = sourcecode.swift; path = PaddingTextField.swift; sourceTree = "<group>"; };
		562C115F28A4E40A00863C45 /* AppTheme.swift */ = {isa = PBXFileReference; lastKnownFileType = sourcecode.swift; path = AppTheme.swift; sourceTree = "<group>"; };
		562C116128A4E44000863C45 /* Utility.swift */ = {isa = PBXFileReference; lastKnownFileType = sourcecode.swift; path = Utility.swift; sourceTree = "<group>"; };
		562C116428A4FD2100863C45 /* RegisterCoordinator.swift */ = {isa = PBXFileReference; lastKnownFileType = sourcecode.swift; path = RegisterCoordinator.swift; sourceTree = "<group>"; };
		562C116628A4FDB500863C45 /* RegisterViewModel.swift */ = {isa = PBXFileReference; lastKnownFileType = sourcecode.swift; path = RegisterViewModel.swift; sourceTree = "<group>"; };
		562C116828A4FDC800863C45 /* RegisterViewController.swift */ = {isa = PBXFileReference; lastKnownFileType = sourcecode.swift; path = RegisterViewController.swift; sourceTree = "<group>"; };
		562C116A28A4FDF400863C45 /* RegisterView.swift */ = {isa = PBXFileReference; lastKnownFileType = sourcecode.swift; path = RegisterView.swift; sourceTree = "<group>"; };
/* End PBXFileReference section */

/* Begin PBXFrameworksBuildPhase section */
		562C110428A4D26600863C45 /* Frameworks */ = {
			isa = PBXFrameworksBuildPhase;
			buildActionMask = 2147483647;
			files = (
			);
			runOnlyForDeploymentPostprocessing = 0;
		};
/* End PBXFrameworksBuildPhase section */

/* Begin PBXGroup section */
		562C10FE28A4D26600863C45 = {
			isa = PBXGroup;
			children = (
				562C110928A4D26600863C45 /* Labor */,
				562C110828A4D26600863C45 /* Products */,
			);
			sourceTree = "<group>";
		};
		562C110828A4D26600863C45 /* Products */ = {
			isa = PBXGroup;
			children = (
				562C110728A4D26600863C45 /* Labor.app */,
			);
			name = Products;
			sourceTree = "<group>";
		};
		562C110928A4D26600863C45 /* Labor */ = {
			isa = PBXGroup;
			children = (
				562C112C28A4DF0E00863C45 /* Base */,
				562C112D28A4DF1A00863C45 /* Scene */,
				562C113228A4DFEE00863C45 /* Application */,
				562C115E28A4E3CD00863C45 /* Resources */,
				562C111B28A4D26700863C45 /* Info.plist */,
				562C111328A4D26600863C45 /* Labor.xcdatamodeld */,
			);
			path = Labor;
			sourceTree = "<group>";
		};
		562C112328A4D4ED00863C45 /* Font */ = {
			isa = PBXGroup;
			children = (
				562C112628A4D53E00863C45 /* Roboto-Bold.ttf */,
				562C112528A4D53E00863C45 /* Roboto-Light.ttf */,
				562C112428A4D53E00863C45 /* Roboto-Medium.ttf */,
				562C112728A4D53E00863C45 /* Roboto-Regular.ttf */,
			);
			path = Font;
			sourceTree = "<group>";
		};
		562C112C28A4DF0E00863C45 /* Base */ = {
			isa = PBXGroup;
			children = (
				562C110A28A4D26600863C45 /* AppDelegate.swift */,
				562C110C28A4D26600863C45 /* SceneDelegate.swift */,
				562C112E28A4DF7B00863C45 /* AppCoordinatot.swift */,
				562C113028A4DF9800863C45 /* BaseCoordinator.swift */,
			);
			path = Base;
			sourceTree = "<group>";
		};
		562C112D28A4DF1A00863C45 /* Scene */ = {
			isa = PBXGroup;
			children = (
				562C116328A4FCF500863C45 /* Register */,
			);
			path = Scene;
			sourceTree = "<group>";
		};
		562C113228A4DFEE00863C45 /* Application */ = {
			isa = PBXGroup;
			children = (
				562C113428A4DFFA00863C45 /* Builder */,
				562C113328A4DFF600863C45 /* Component */,
			);
			path = Application;
			sourceTree = "<group>";
		};
		562C113328A4DFF600863C45 /* Component */ = {
			isa = PBXGroup;
			children = (
				562C114128A4E15900863C45 /* LoadingVC */,
				562C114328A4E16200863C45 /* Extension */,
				562C114228A4E15F00863C45 /* LoadingButton */,
				562C115C28A4E3A700863C45 /* PaddingTextField.swift */,
			);
			path = Component;
			sourceTree = "<group>";
		};
		562C113428A4DFFA00863C45 /* Builder */ = {
			isa = PBXGroup;
			children = (
				562C113528A4E02F00863C45 /* ButtonBuilder.swift */,
				562C113728A4E06800863C45 /* ImageBuilder.swift */,
				562C113928A4E0CE00863C45 /* LabelBuilder.swift */,
				562C113B28A4E0EE00863C45 /* ViewBuilder.swift */,
				562C113D28A4E11000863C45 /* TextFieldBuilder.swift */,
				562C113F28A4E13300863C45 /* TextViewBuilder.swift */,
			);
			path = Builder;
			sourceTree = "<group>";
		};
		562C114128A4E15900863C45 /* LoadingVC */ = {
			isa = PBXGroup;
			children = (
				562C114428A4E1D600863C45 /* LoadingViewController.swift */,
				562C114628A4E1FF00863C45 /* LoadingView.swift */,
				562C114828A4E21F00863C45 /* MainSpinner.swift */,
			);
			path = LoadingVC;
			sourceTree = "<group>";
		};
		562C114228A4E15F00863C45 /* LoadingButton */ = {
			isa = PBXGroup;
			children = (
				562C115628A4E33800863C45 /* LoadingButton.swift */,
				562C115828A4E36900863C45 /* SpinerLayer.swift */,
				562C115A28A4E37F00863C45 /* HapticGenerator.swift */,
			);
			path = LoadingButton;
			sourceTree = "<group>";
		};
		562C114328A4E16200863C45 /* Extension */ = {
			isa = PBXGroup;
			children = (
				562C114A28A4E25D00863C45 /* UIFont.swift */,
				562C114C28A4E28900863C45 /* Data.swift */,
				562C114E28A4E2A600863C45 /* String.swift */,
				562C115028A4E2C600863C45 /* UIView.swift */,
				562C115228A4E2E500863C45 /* CGRect.swift */,
				562C115428A4E30300863C45 /* UITextView.swift */,
			);
			path = Extension;
			sourceTree = "<group>";
		};
		562C115E28A4E3CD00863C45 /* Resources */ = {
			isa = PBXGroup;
			children = (
				562C112328A4D4ED00863C45 /* Font */,
				562C115F28A4E40A00863C45 /* AppTheme.swift */,
				562C116128A4E44000863C45 /* Utility.swift */,
				562C111628A4D26700863C45 /* Assets.xcassets */,
				562C111828A4D26700863C45 /* LaunchScreen.storyboard */,
			);
			path = Resources;
			sourceTree = "<group>";
		};
		562C116328A4FCF500863C45 /* Register */ = {
			isa = PBXGroup;
			children = (
				562C116428A4FD2100863C45 /* RegisterCoordinator.swift */,
				562C116628A4FDB500863C45 /* RegisterViewModel.swift */,
				562C116828A4FDC800863C45 /* RegisterViewController.swift */,
				562C116A28A4FDF400863C45 /* RegisterView.swift */,
			);
			path = Register;
			sourceTree = "<group>";
		};
/* End PBXGroup section */

/* Begin PBXNativeTarget section */
		562C110628A4D26600863C45 /* Labor */ = {
			isa = PBXNativeTarget;
			buildConfigurationList = 562C111E28A4D26700863C45 /* Build configuration list for PBXNativeTarget "Labor" */;
			buildPhases = (
				562C110328A4D26600863C45 /* Sources */,
				562C110428A4D26600863C45 /* Frameworks */,
				562C110528A4D26600863C45 /* Resources */,
			);
			buildRules = (
			);
			dependencies = (
			);
			name = Labor;
			productName = Labor;
			productReference = 562C110728A4D26600863C45 /* Labor.app */;
			productType = "com.apple.product-type.application";
		};
/* End PBXNativeTarget section */

/* Begin PBXProject section */
		562C10FF28A4D26600863C45 /* Project object */ = {
			isa = PBXProject;
			attributes = {
				BuildIndependentTargetsInParallel = 1;
				LastSwiftUpdateCheck = 1340;
				LastUpgradeCheck = 1340;
				TargetAttributes = {
					562C110628A4D26600863C45 = {
						CreatedOnToolsVersion = 13.4.1;
					};
				};
			};
			buildConfigurationList = 562C110228A4D26600863C45 /* Build configuration list for PBXProject "Labor" */;
			compatibilityVersion = "Xcode 13.0";
			developmentRegion = en;
			hasScannedForEncodings = 0;
			knownRegions = (
				en,
				Base,
			);
			mainGroup = 562C10FE28A4D26600863C45;
			productRefGroup = 562C110828A4D26600863C45 /* Products */;
			projectDirPath = "";
			projectRoot = "";
			targets = (
				562C110628A4D26600863C45 /* Labor */,
			);
		};
/* End PBXProject section */

/* Begin PBXResourcesBuildPhase section */
		562C110528A4D26600863C45 /* Resources */ = {
			isa = PBXResourcesBuildPhase;
			buildActionMask = 2147483647;
			files = (
				562C112828A4D53E00863C45 /* Roboto-Medium.ttf in Resources */,
				562C112B28A4D53E00863C45 /* Roboto-Regular.ttf in Resources */,
				562C111A28A4D26700863C45 /* LaunchScreen.storyboard in Resources */,
				562C112A28A4D53E00863C45 /* Roboto-Bold.ttf in Resources */,
				562C112928A4D53E00863C45 /* Roboto-Light.ttf in Resources */,
				562C111728A4D26700863C45 /* Assets.xcassets in Resources */,
			);
			runOnlyForDeploymentPostprocessing = 0;
		};
/* End PBXResourcesBuildPhase section */

/* Begin PBXSourcesBuildPhase section */
		562C110328A4D26600863C45 /* Sources */ = {
			isa = PBXSourcesBuildPhase;
			buildActionMask = 2147483647;
			files = (
				562C114928A4E21F00863C45 /* MainSpinner.swift in Sources */,
				562C113128A4DF9800863C45 /* BaseCoordinator.swift in Sources */,
				562C116028A4E40A00863C45 /* AppTheme.swift in Sources */,
				562C113628A4E02F00863C45 /* ButtonBuilder.swift in Sources */,
				562C113E28A4E11000863C45 /* TextFieldBuilder.swift in Sources */,
				562C112F28A4DF7B00863C45 /* AppCoordinatot.swift in Sources */,
				562C115728A4E33800863C45 /* LoadingButton.swift in Sources */,
				562C114728A4E1FF00863C45 /* LoadingView.swift in Sources */,
				562C115B28A4E37F00863C45 /* HapticGenerator.swift in Sources */,
				562C115528A4E30300863C45 /* UITextView.swift in Sources */,
				562C115328A4E2E500863C45 /* CGRect.swift in Sources */,
				562C113A28A4E0CE00863C45 /* LabelBuilder.swift in Sources */,
				562C115928A4E36900863C45 /* SpinerLayer.swift in Sources */,
				562C110B28A4D26600863C45 /* AppDelegate.swift in Sources */,
				562C114028A4E13300863C45 /* TextViewBuilder.swift in Sources */,
				562C111528A4D26600863C45 /* Labor.xcdatamodeld in Sources */,
				562C110D28A4D26600863C45 /* SceneDelegate.swift in Sources */,
				562C114F28A4E2A600863C45 /* String.swift in Sources */,
				562C115128A4E2C600863C45 /* UIView.swift in Sources */,
				562C116228A4E44000863C45 /* Utility.swift in Sources */,
				562C116528A4FD2100863C45 /* RegisterCoordinator.swift in Sources */,
				562C116B28A4FDF400863C45 /* RegisterView.swift in Sources */,
				562C115D28A4E3A700863C45 /* PaddingTextField.swift in Sources */,
				562C114B28A4E25D00863C45 /* UIFont.swift in Sources */,
				562C116728A4FDB500863C45 /* RegisterViewModel.swift in Sources */,
				562C114D28A4E28900863C45 /* Data.swift in Sources */,
				562C113C28A4E0EE00863C45 /* ViewBuilder.swift in Sources */,
				562C114528A4E1D600863C45 /* LoadingViewController.swift in Sources */,
				562C113828A4E06800863C45 /* ImageBuilder.swift in Sources */,
				562C116928A4FDC800863C45 /* RegisterViewController.swift in Sources */,
			);
			runOnlyForDeploymentPostprocessing = 0;
		};
/* End PBXSourcesBuildPhase section */

/* Begin PBXVariantGroup section */
		562C111828A4D26700863C45 /* LaunchScreen.storyboard */ = {
			isa = PBXVariantGroup;
			children = (
				562C111928A4D26700863C45 /* Base */,
			);
			name = LaunchScreen.storyboard;
			sourceTree = "<group>";
		};
/* End PBXVariantGroup section */

/* Begin XCBuildConfiguration section */
		562C111C28A4D26700863C45 /* Debug */ = {
			isa = XCBuildConfiguration;
			buildSettings = {
				ALWAYS_SEARCH_USER_PATHS = NO;
				CLANG_ANALYZER_NONNULL = YES;
				CLANG_ANALYZER_NUMBER_OBJECT_CONVERSION = YES_AGGRESSIVE;
				CLANG_CXX_LANGUAGE_STANDARD = "gnu++17";
				CLANG_ENABLE_MODULES = YES;
				CLANG_ENABLE_OBJC_ARC = YES;
				CLANG_ENABLE_OBJC_WEAK = YES;
				CLANG_WARN_BLOCK_CAPTURE_AUTORELEASING = YES;
				CLANG_WARN_BOOL_CONVERSION = YES;
				CLANG_WARN_COMMA = YES;
				CLANG_WARN_CONSTANT_CONVERSION = YES;
				CLANG_WARN_DEPRECATED_OBJC_IMPLEMENTATIONS = YES;
				CLANG_WARN_DIRECT_OBJC_ISA_USAGE = YES_ERROR;
				CLANG_WARN_DOCUMENTATION_COMMENTS = YES;
				CLANG_WARN_EMPTY_BODY = YES;
				CLANG_WARN_ENUM_CONVERSION = YES;
				CLANG_WARN_INFINITE_RECURSION = YES;
				CLANG_WARN_INT_CONVERSION = YES;
				CLANG_WARN_NON_LITERAL_NULL_CONVERSION = YES;
				CLANG_WARN_OBJC_IMPLICIT_RETAIN_SELF = YES;
				CLANG_WARN_OBJC_LITERAL_CONVERSION = YES;
				CLANG_WARN_OBJC_ROOT_CLASS = YES_ERROR;
				CLANG_WARN_QUOTED_INCLUDE_IN_FRAMEWORK_HEADER = YES;
				CLANG_WARN_RANGE_LOOP_ANALYSIS = YES;
				CLANG_WARN_STRICT_PROTOTYPES = YES;
				CLANG_WARN_SUSPICIOUS_MOVE = YES;
				CLANG_WARN_UNGUARDED_AVAILABILITY = YES_AGGRESSIVE;
				CLANG_WARN_UNREACHABLE_CODE = YES;
				CLANG_WARN__DUPLICATE_METHOD_MATCH = YES;
				COPY_PHASE_STRIP = NO;
				DEBUG_INFORMATION_FORMAT = dwarf;
				ENABLE_STRICT_OBJC_MSGSEND = YES;
				ENABLE_TESTABILITY = YES;
				GCC_C_LANGUAGE_STANDARD = gnu11;
				GCC_DYNAMIC_NO_PIC = NO;
				GCC_NO_COMMON_BLOCKS = YES;
				GCC_OPTIMIZATION_LEVEL = 0;
				GCC_PREPROCESSOR_DEFINITIONS = (
					"DEBUG=1",
					"$(inherited)",
				);
				GCC_WARN_64_TO_32_BIT_CONVERSION = YES;
				GCC_WARN_ABOUT_RETURN_TYPE = YES_ERROR;
				GCC_WARN_UNDECLARED_SELECTOR = YES;
				GCC_WARN_UNINITIALIZED_AUTOS = YES_AGGRESSIVE;
				GCC_WARN_UNUSED_FUNCTION = YES;
				GCC_WARN_UNUSED_VARIABLE = YES;
				IPHONEOS_DEPLOYMENT_TARGET = 15.5;
				MTL_ENABLE_DEBUG_INFO = INCLUDE_SOURCE;
				MTL_FAST_MATH = YES;
				ONLY_ACTIVE_ARCH = YES;
				SDKROOT = iphoneos;
				SWIFT_ACTIVE_COMPILATION_CONDITIONS = DEBUG;
				SWIFT_OPTIMIZATION_LEVEL = "-Onone";
			};
			name = Debug;
		};
		562C111D28A4D26700863C45 /* Release */ = {
			isa = XCBuildConfiguration;
			buildSettings = {
				ALWAYS_SEARCH_USER_PATHS = NO;
				CLANG_ANALYZER_NONNULL = YES;
				CLANG_ANALYZER_NUMBER_OBJECT_CONVERSION = YES_AGGRESSIVE;
				CLANG_CXX_LANGUAGE_STANDARD = "gnu++17";
				CLANG_ENABLE_MODULES = YES;
				CLANG_ENABLE_OBJC_ARC = YES;
				CLANG_ENABLE_OBJC_WEAK = YES;
				CLANG_WARN_BLOCK_CAPTURE_AUTORELEASING = YES;
				CLANG_WARN_BOOL_CONVERSION = YES;
				CLANG_WARN_COMMA = YES;
				CLANG_WARN_CONSTANT_CONVERSION = YES;
				CLANG_WARN_DEPRECATED_OBJC_IMPLEMENTATIONS = YES;
				CLANG_WARN_DIRECT_OBJC_ISA_USAGE = YES_ERROR;
				CLANG_WARN_DOCUMENTATION_COMMENTS = YES;
				CLANG_WARN_EMPTY_BODY = YES;
				CLANG_WARN_ENUM_CONVERSION = YES;
				CLANG_WARN_INFINITE_RECURSION = YES;
				CLANG_WARN_INT_CONVERSION = YES;
				CLANG_WARN_NON_LITERAL_NULL_CONVERSION = YES;
				CLANG_WARN_OBJC_IMPLICIT_RETAIN_SELF = YES;
				CLANG_WARN_OBJC_LITERAL_CONVERSION = YES;
				CLANG_WARN_OBJC_ROOT_CLASS = YES_ERROR;
				CLANG_WARN_QUOTED_INCLUDE_IN_FRAMEWORK_HEADER = YES;
				CLANG_WARN_RANGE_LOOP_ANALYSIS = YES;
				CLANG_WARN_STRICT_PROTOTYPES = YES;
				CLANG_WARN_SUSPICIOUS_MOVE = YES;
				CLANG_WARN_UNGUARDED_AVAILABILITY = YES_AGGRESSIVE;
				CLANG_WARN_UNREACHABLE_CODE = YES;
				CLANG_WARN__DUPLICATE_METHOD_MATCH = YES;
				COPY_PHASE_STRIP = NO;
				DEBUG_INFORMATION_FORMAT = "dwarf-with-dsym";
				ENABLE_NS_ASSERTIONS = NO;
				ENABLE_STRICT_OBJC_MSGSEND = YES;
				GCC_C_LANGUAGE_STANDARD = gnu11;
				GCC_NO_COMMON_BLOCKS = YES;
				GCC_WARN_64_TO_32_BIT_CONVERSION = YES;
				GCC_WARN_ABOUT_RETURN_TYPE = YES_ERROR;
				GCC_WARN_UNDECLARED_SELECTOR = YES;
				GCC_WARN_UNINITIALIZED_AUTOS = YES_AGGRESSIVE;
				GCC_WARN_UNUSED_FUNCTION = YES;
				GCC_WARN_UNUSED_VARIABLE = YES;
				IPHONEOS_DEPLOYMENT_TARGET = 15.5;
				MTL_ENABLE_DEBUG_INFO = NO;
				MTL_FAST_MATH = YES;
				SDKROOT = iphoneos;
				SWIFT_COMPILATION_MODE = wholemodule;
				SWIFT_OPTIMIZATION_LEVEL = "-O";
				VALIDATE_PRODUCT = YES;
			};
			name = Release;
		};
		562C111F28A4D26700863C45 /* Debug */ = {
			isa = XCBuildConfiguration;
			buildSettings = {
				ASSETCATALOG_COMPILER_APPICON_NAME = AppIcon;
				ASSETCATALOG_COMPILER_GLOBAL_ACCENT_COLOR_NAME = AccentColor;
				CODE_SIGN_STYLE = Automatic;
				CURRENT_PROJECT_VERSION = 1;
				DEVELOPMENT_TEAM = JHQPAV7RK4;
				GENERATE_INFOPLIST_FILE = YES;
				INFOPLIST_FILE = Labor/Info.plist;
				INFOPLIST_KEY_UIApplicationSupportsIndirectInputEvents = YES;
				INFOPLIST_KEY_UILaunchStoryboardName = LaunchScreen;
				INFOPLIST_KEY_UISupportedInterfaceOrientations_iPad = "UIInterfaceOrientationPortrait UIInterfaceOrientationPortraitUpsideDown UIInterfaceOrientationLandscapeLeft UIInterfaceOrientationLandscapeRight";
				INFOPLIST_KEY_UISupportedInterfaceOrientations_iPhone = "UIInterfaceOrientationPortrait UIInterfaceOrientationLandscapeLeft UIInterfaceOrientationLandscapeRight";
				LD_RUNPATH_SEARCH_PATHS = (
					"$(inherited)",
					"@executable_path/Frameworks",
				);
				MARKETING_VERSION = 1.0;
				PRODUCT_BUNDLE_IDENTIFIER = Mehrnoush.Labor;
				PRODUCT_NAME = "$(TARGET_NAME)";
				SWIFT_EMIT_LOC_STRINGS = YES;
				SWIFT_VERSION = 5.0;
				TARGETED_DEVICE_FAMILY = "1,2";
			};
			name = Debug;
		};
		562C112028A4D26700863C45 /* Release */ = {
			isa = XCBuildConfiguration;
			buildSettings = {
				ASSETCATALOG_COMPILER_APPICON_NAME = AppIcon;
				ASSETCATALOG_COMPILER_GLOBAL_ACCENT_COLOR_NAME = AccentColor;
				CODE_SIGN_STYLE = Automatic;
				CURRENT_PROJECT_VERSION = 1;
				DEVELOPMENT_TEAM = JHQPAV7RK4;
				GENERATE_INFOPLIST_FILE = YES;
				INFOPLIST_FILE = Labor/Info.plist;
				INFOPLIST_KEY_UIApplicationSupportsIndirectInputEvents = YES;
				INFOPLIST_KEY_UILaunchStoryboardName = LaunchScreen;
				INFOPLIST_KEY_UISupportedInterfaceOrientations_iPad = "UIInterfaceOrientationPortrait UIInterfaceOrientationPortraitUpsideDown UIInterfaceOrientationLandscapeLeft UIInterfaceOrientationLandscapeRight";
				INFOPLIST_KEY_UISupportedInterfaceOrientations_iPhone = "UIInterfaceOrientationPortrait UIInterfaceOrientationLandscapeLeft UIInterfaceOrientationLandscapeRight";
				LD_RUNPATH_SEARCH_PATHS = (
					"$(inherited)",
					"@executable_path/Frameworks",
				);
				MARKETING_VERSION = 1.0;
				PRODUCT_BUNDLE_IDENTIFIER = Mehrnoush.Labor;
				PRODUCT_NAME = "$(TARGET_NAME)";
				SWIFT_EMIT_LOC_STRINGS = YES;
				SWIFT_VERSION = 5.0;
				TARGETED_DEVICE_FAMILY = "1,2";
			};
			name = Release;
		};
/* End XCBuildConfiguration section */

/* Begin XCConfigurationList section */
		562C110228A4D26600863C45 /* Build configuration list for PBXProject "Labor" */ = {
			isa = XCConfigurationList;
			buildConfigurations = (
				562C111C28A4D26700863C45 /* Debug */,
				562C111D28A4D26700863C45 /* Release */,
			);
			defaultConfigurationIsVisible = 0;
			defaultConfigurationName = Release;
		};
		562C111E28A4D26700863C45 /* Build configuration list for PBXNativeTarget "Labor" */ = {
			isa = XCConfigurationList;
			buildConfigurations = (
				562C111F28A4D26700863C45 /* Debug */,
				562C112028A4D26700863C45 /* Release */,
			);
			defaultConfigurationIsVisible = 0;
			defaultConfigurationName = Release;
		};
/* End XCConfigurationList section */

/* Begin XCVersionGroup section */
		562C111328A4D26600863C45 /* Labor.xcdatamodeld */ = {
			isa = XCVersionGroup;
			children = (
				562C111428A4D26600863C45 /* Labor.xcdatamodel */,
			);
			currentVersion = 562C111428A4D26600863C45 /* Labor.xcdatamodel */;
			path = Labor.xcdatamodeld;
			sourceTree = "<group>";
			versionGroupType = wrapper.xcdatamodel;
		};
/* End XCVersionGroup section */
	};
	rootObject = 562C10FF28A4D26600863C45 /* Project object */;
}
